
Microsoft Visual Studio Solution File, Format Version 12.00
# Visual Studio Version 17
VisualStudioVersion = 17.1.32319.34
MinimumVisualStudioVersion = 10.0.40219.1
Project("{8BC9CEB8-8B4A-11D0-8D11-00A0C91BC942}") = "flyweight", "flyweight\flyweight.vcxproj", "{ACF70098-E6B4-49C0-9D83-B5686010E0DB}"
EndProject
Global
	GlobalSection(SolutionConfigurationPlatforms) = preSolution
		Debug|x64 = Debug|x64
		Debug|x86 = Debug|x86
		Release|x64 = Release|x64
		Release|x86 = Release|x86
	EndGlobalSection
	GlobalSection(ProjectConfigurationPlatforms) = postSolution
		{ACF70098-E6B4-49C0-9D83-B5686010E0DB}.Debug|x64.ActiveCfg = Debug|x64
		{ACF70098-E6B4-49C0-9D83-B5686010E0DB}.Debug|x64.Build.0 = Debug|x64
		{ACF70098-E6B4-49C0-9D83-B5686010E0DB}.Debug|x86.ActiveCfg = Debug|Win32
		{ACF70098-E6B4-49C0-9D83-B5686010E0DB}.Debug|x86.Build.0 = Debug|Win32
		{ACF70098-E6B4-49C0-9D83-B5686010E0DB}.Release|x64.ActiveCfg = Release|x64
		{ACF70098-E6B4-49C0-9D83-B5686010E0DB}.Release|x64.Build.0 = Release|x64
		{ACF70098-E6B4-49C0-9D83-B5686010E0DB}.Release|x86.ActiveCfg = Release|Win32
		{ACF70098-E6B4-49C0-9D83-B5686010E0DB}.Release|x86.Build.0 = Release|Win32
	EndGlobalSection
	GlobalSection(SolutionProperties) = preSolution
		HideSolutionNode = FALSE
	EndGlobalSection
	GlobalSection(ExtensibilityGlobals) = postSolution
		SolutionGuid = {D7407C7A-D88A-4B50-87E3-C8B2ECBCFAA9}
	EndGlobalSection
EndGlobal
